
Microsoft Visual Studio Solution File, Format Version 11.00
# Visual Studio 2010
Project("{FAE04EC0-301F-11D3-BF4B-00C04F79EFBC}") = "MiniWareAPI", "MiniWareAPI\MiniWareAPI.csproj", "{E0756A47-01BF-4874-9BF6-C97016E8B191}"
EndProject
Project("{FAE04EC0-301F-11D3-BF4B-00C04F79EFBC}") = "Models", "Models\Models.csproj", "{D8C9411A-8A9F-4809-8DE2-D5C4C532FAA3}"
EndProject
Project("{FAE04EC0-301F-11D3-BF4B-00C04F79EFBC}") = "Data", "Data\Data.csproj", "{6128B874-3EC5-4314-BD46-AD325077A7EA}"
EndProject
Project("{FAE04EC0-301F-11D3-BF4B-00C04F79EFBC}") = "Bussiness", "Bussiness\Bussiness.csproj", "{5605B871-FD53-4405-99EA-E62EEEDAADF0}"
EndProject
Project("{FAE04EC0-301F-11D3-BF4B-00C04F79EFBC}") = "TestMiniWare", "TestMiniWare\TestMiniWare.csproj", "{45B2A2F5-DA26-495D-9769-AFC4CCB8FA82}"
EndProject
Project("{2150E333-8FDC-42A3-9474-1A3956D46DE8}") = "Solution Items", "Solution Items", "{0AAED7CD-68F5-4260-A52E-87505B0F7443}"
	ProjectSection(SolutionItems) = preProject
		Local.testsettings = Local.testsettings
		MiniWareAPI.vsmdi = MiniWareAPI.vsmdi
		TraceAndTestImpact.testsettings = TraceAndTestImpact.testsettings
	EndProjectSection
EndProject
Global
	GlobalSection(TestCaseManagementSettings) = postSolution
		CategoryFile = MiniWareAPI.vsmdi
	EndGlobalSection
	GlobalSection(SolutionConfigurationPlatforms) = preSolution
		Debug|Any CPU = Debug|Any CPU
		Release|Any CPU = Release|Any CPU
	EndGlobalSection
	GlobalSection(ProjectConfigurationPlatforms) = postSolution
		{E0756A47-01BF-4874-9BF6-C97016E8B191}.Debug|Any CPU.ActiveCfg = Debug|Any CPU
		{E0756A47-01BF-4874-9BF6-C97016E8B191}.Debug|Any CPU.Build.0 = Debug|Any CPU
		{E0756A47-01BF-4874-9BF6-C97016E8B191}.Release|Any CPU.ActiveCfg = Release|Any CPU
		{E0756A47-01BF-4874-9BF6-C97016E8B191}.Release|Any CPU.Build.0 = Release|Any CPU
		{D8C9411A-8A9F-4809-8DE2-D5C4C532FAA3}.Debug|Any CPU.ActiveCfg = Debug|Any CPU
		{D8C9411A-8A9F-4809-8DE2-D5C4C532FAA3}.Debug|Any CPU.Build.0 = Debug|Any CPU
		{D8C9411A-8A9F-4809-8DE2-D5C4C532FAA3}.Release|Any CPU.ActiveCfg = Release|Any CPU
		{D8C9411A-8A9F-4809-8DE2-D5C4C532FAA3}.Release|Any CPU.Build.0 = Release|Any CPU
		{6128B874-3EC5-4314-BD46-AD325077A7EA}.Debug|Any CPU.ActiveCfg = Debug|Any CPU
		{6128B874-3EC5-4314-BD46-AD325077A7EA}.Debug|Any CPU.Build.0 = Debug|Any CPU
		{6128B874-3EC5-4314-BD46-AD325077A7EA}.Release|Any CPU.ActiveCfg = Release|Any CPU
		{6128B874-3EC5-4314-BD46-AD325077A7EA}.Release|Any CPU.Build.0 = Release|Any CPU
		{5605B871-FD53-4405-99EA-E62EEEDAADF0}.Debug|Any CPU.ActiveCfg = Debug|Any CPU
		{5605B871-FD53-4405-99EA-E62EEEDAADF0}.Debug|Any CPU.Build.0 = Debug|Any CPU
		{5605B871-FD53-4405-99EA-E62EEEDAADF0}.Release|Any CPU.ActiveCfg = Release|Any CPU
		{5605B871-FD53-4405-99EA-E62EEEDAADF0}.Release|Any CPU.Build.0 = Release|Any CPU
		{45B2A2F5-DA26-495D-9769-AFC4CCB8FA82}.Debug|Any CPU.ActiveCfg = Debug|Any CPU
		{45B2A2F5-DA26-495D-9769-AFC4CCB8FA82}.Debug|Any CPU.Build.0 = Debug|Any CPU
		{45B2A2F5-DA26-495D-9769-AFC4CCB8FA82}.Release|Any CPU.ActiveCfg = Release|Any CPU
		{45B2A2F5-DA26-495D-9769-AFC4CCB8FA82}.Release|Any CPU.Build.0 = Release|Any CPU
	EndGlobalSection
	GlobalSection(SolutionProperties) = preSolution
		HideSolutionNode = FALSE
	EndGlobalSection
EndGlobal
